
Microsoft Visual Studio Solution File, Format Version 12.00
# Visual Studio Version 17
VisualStudioVersion = 17.14.36414.22 d17.14
MinimumVisualStudioVersion = 10.0.40219.1
Project("{FAE04EC0-301F-11D3-BF4B-00C04F79EFBC}") = "ProyectoIdentity", "ProyectoIdentity\ProyectoIdentity.csproj", "{BA52A5C8-44F6-4510-B69C-28EAB655D7AC}"
EndProject
Global
	GlobalSection(SolutionConfigurationPlatforms) = preSolution
		Debug|Any CPU = Debug|Any CPU
		Release|Any CPU = Release|Any CPU
	EndGlobalSection
	GlobalSection(ProjectConfigurationPlatforms) = postSolution
		{BA52A5C8-44F6-4510-B69C-28EAB655D7AC}.Debug|Any CPU.ActiveCfg = Debug|Any CPU
		{BA52A5C8-44F6-4510-B69C-28EAB655D7AC}.Debug|Any CPU.Build.0 = Debug|Any CPU
		{BA52A5C8-44F6-4510-B69C-28EAB655D7AC}.Release|Any CPU.ActiveCfg = Release|Any CPU
		{BA52A5C8-44F6-4510-B69C-28EAB655D7AC}.Release|Any CPU.Build.0 = Release|Any CPU
	EndGlobalSection
	GlobalSection(SolutionProperties) = preSolution
		HideSolutionNode = FALSE
	EndGlobalSection
	GlobalSection(ExtensibilityGlobals) = postSolution
		SolutionGuid = {ABFE9DED-05B5-4B49-9B4F-7E1D70CE77D3}
	EndGlobalSection
EndGlobal
